
Microsoft Visual Studio Solution File, Format Version 9.00
# Visual Studio 2005
Project("{FAE04EC0-301F-11D3-BF4B-00C04F79EFBC}") = "gummy", "gummy.csproj", "{0BCDAFF5-90C5-4BE2-84FE-D3A25BA345F9}"
EndProject
Project("{FAE04EC0-301F-11D3-BF4B-00C04F79EFBC}") = "uiml.net-core", "uiml.net-core.csproj", "{1512EF85-FCC2-41CB-B8CE-67871722EB82}"
EndProject
Project("{FAE04EC0-301F-11D3-BF4B-00C04F79EFBC}") = "Cassowary", "..\Cassowary.net\Cassowary.csproj", "{F01578A3-BA19-47E6-B333-40E41158658B}"
EndProject
Project("{FAE04EC0-301F-11D3-BF4B-00C04F79EFBC}") = "Cassowary.Parsing", "..\Cassowary.net\Cassowary.Parsing.csproj", "{DAE0FC0E-44C5-4B1F-8D81-80BA4CFFFB47}"
EndProject
Project("{FAE04EC0-301F-11D3-BF4B-00C04F79EFBC}") = "uiml.net", "uiml.net.csproj", "{0CEA978C-FDCE-4C6E-8B37-3D4EDDD6C887}"
EndProject
Project("{FAE04EC0-301F-11D3-BF4B-00C04F79EFBC}") = "uiml.net-swf", "uiml.net-swf.csproj", "{064375D5-DE5C-47CA-9AC0-365928425369}"
EndProject
Project("{FAE04EC0-301F-11D3-BF4B-00C04F79EFBC}") = "uiml.net-gtk", "uiml.net-gtk.csproj", "{01CC869D-B551-4C3B-9147-03DD913D6E26}"
EndProject
Project("{FAE04EC0-301F-11D3-BF4B-00C04F79EFBC}") = "gummy-swf", "gummy-swf.csproj", "{AF8F1B80-83DD-4940-A3B8-86EC19DC3510}"
EndProject
Project("{FAE04EC0-301F-11D3-BF4B-00C04F79EFBC}") = "gummy-swing", "gummy-swing.csproj", "{790D8A63-0BF4-48A0-939D-B034DE3A4A49}"
EndProject
Global
	GlobalSection(SolutionConfigurationPlatforms) = preSolution
		Debug|Any CPU = Debug|Any CPU
		Release|Any CPU = Release|Any CPU
	EndGlobalSection
	GlobalSection(ProjectConfigurationPlatforms) = postSolution
		{0BCDAFF5-90C5-4BE2-84FE-D3A25BA345F9}.Debug|Any CPU.ActiveCfg = Debug|Any CPU
		{0BCDAFF5-90C5-4BE2-84FE-D3A25BA345F9}.Debug|Any CPU.Build.0 = Debug|Any CPU
		{0BCDAFF5-90C5-4BE2-84FE-D3A25BA345F9}.Release|Any CPU.ActiveCfg = Release|Any CPU
		{0BCDAFF5-90C5-4BE2-84FE-D3A25BA345F9}.Release|Any CPU.Build.0 = Release|Any CPU
		{1512EF85-FCC2-41CB-B8CE-67871722EB82}.Debug|Any CPU.ActiveCfg = Debug|Any CPU
		{1512EF85-FCC2-41CB-B8CE-67871722EB82}.Debug|Any CPU.Build.0 = Debug|Any CPU
		{1512EF85-FCC2-41CB-B8CE-67871722EB82}.Release|Any CPU.ActiveCfg = Release|Any CPU
		{1512EF85-FCC2-41CB-B8CE-67871722EB82}.Release|Any CPU.Build.0 = Release|Any CPU
		{F01578A3-BA19-47E6-B333-40E41158658B}.Debug|Any CPU.ActiveCfg = Debug|Any CPU
		{F01578A3-BA19-47E6-B333-40E41158658B}.Debug|Any CPU.Build.0 = Debug|Any CPU
		{F01578A3-BA19-47E6-B333-40E41158658B}.Release|Any CPU.ActiveCfg = Release|Any CPU
		{F01578A3-BA19-47E6-B333-40E41158658B}.Release|Any CPU.Build.0 = Release|Any CPU
		{DAE0FC0E-44C5-4B1F-8D81-80BA4CFFFB47}.Debug|Any CPU.ActiveCfg = Debug|Any CPU
		{DAE0FC0E-44C5-4B1F-8D81-80BA4CFFFB47}.Debug|Any CPU.Build.0 = Debug|Any CPU
		{DAE0FC0E-44C5-4B1F-8D81-80BA4CFFFB47}.Release|Any CPU.ActiveCfg = Release|Any CPU
		{DAE0FC0E-44C5-4B1F-8D81-80BA4CFFFB47}.Release|Any CPU.Build.0 = Release|Any CPU
		{0CEA978C-FDCE-4C6E-8B37-3D4EDDD6C887}.Debug|Any CPU.ActiveCfg = Debug|Any CPU
		{0CEA978C-FDCE-4C6E-8B37-3D4EDDD6C887}.Debug|Any CPU.Build.0 = Debug|Any CPU
		{0CEA978C-FDCE-4C6E-8B37-3D4EDDD6C887}.Release|Any CPU.ActiveCfg = Release|Any CPU
		{0CEA978C-FDCE-4C6E-8B37-3D4EDDD6C887}.Release|Any CPU.Build.0 = Release|Any CPU
		{064375D5-DE5C-47CA-9AC0-365928425369}.Debug|Any CPU.ActiveCfg = Debug|Any CPU
		{064375D5-DE5C-47CA-9AC0-365928425369}.Debug|Any CPU.Build.0 = Debug|Any CPU
		{064375D5-DE5C-47CA-9AC0-365928425369}.Release|Any CPU.ActiveCfg = Release|Any CPU
		{064375D5-DE5C-47CA-9AC0-365928425369}.Release|Any CPU.Build.0 = Release|Any CPU
		{01CC869D-B551-4C3B-9147-03DD913D6E26}.Debug|Any CPU.ActiveCfg = Debug|Any CPU
		{01CC869D-B551-4C3B-9147-03DD913D6E26}.Debug|Any CPU.Build.0 = Debug|Any CPU
		{01CC869D-B551-4C3B-9147-03DD913D6E26}.Release|Any CPU.ActiveCfg = Release|Any CPU
		{01CC869D-B551-4C3B-9147-03DD913D6E26}.Release|Any CPU.Build.0 = Release|Any CPU
		{AF8F1B80-83DD-4940-A3B8-86EC19DC3510}.Debug|Any CPU.ActiveCfg = Debug|Any CPU
		{AF8F1B80-83DD-4940-A3B8-86EC19DC3510}.Debug|Any CPU.Build.0 = Debug|Any CPU
		{AF8F1B80-83DD-4940-A3B8-86EC19DC3510}.Release|Any CPU.ActiveCfg = Release|Any CPU
		{AF8F1B80-83DD-4940-A3B8-86EC19DC3510}.Release|Any CPU.Build.0 = Release|Any CPU
		{790D8A63-0BF4-48A0-939D-B034DE3A4A49}.Debug|Any CPU.ActiveCfg = Debug|Any CPU
		{790D8A63-0BF4-48A0-939D-B034DE3A4A49}.Debug|Any CPU.Build.0 = Debug|Any CPU
		{790D8A63-0BF4-48A0-939D-B034DE3A4A49}.Release|Any CPU.ActiveCfg = Release|Any CPU
		{790D8A63-0BF4-48A0-939D-B034DE3A4A49}.Release|Any CPU.Build.0 = Release|Any CPU
	EndGlobalSection
	GlobalSection(SolutionProperties) = preSolution
		HideSolutionNode = FALSE
	EndGlobalSection
EndGlobal
